
Microsoft Visual Studio Solution File, Format Version 12.00
# Visual Studio Version 16
VisualStudioVersion = 16.0.32802.440
MinimumVisualStudioVersion = 10.0.40219.1
Project("{F184B08F-C81C-45F6-A57F-5ABD9991F28F}") = "asp.net", "asp.net\asp.net.vbproj", "{ED87146D-F1AC-4448-8A20-2B1B610CB45E}"
EndProject
Global
	GlobalSection(SolutionConfigurationPlatforms) = preSolution
		Debug|Any CPU = Debug|Any CPU
		Release|Any CPU = Release|Any CPU
	EndGlobalSection
	GlobalSection(ProjectConfigurationPlatforms) = postSolution
		{ED87146D-F1AC-4448-8A20-2B1B610CB45E}.Debug|Any CPU.ActiveCfg = Debug|Any CPU
		{ED87146D-F1AC-4448-8A20-2B1B610CB45E}.Debug|Any CPU.Build.0 = Debug|Any CPU
		{ED87146D-F1AC-4448-8A20-2B1B610CB45E}.Release|Any CPU.ActiveCfg = Release|Any CPU
		{ED87146D-F1AC-4448-8A20-2B1B610CB45E}.Release|Any CPU.Build.0 = Release|Any CPU
	EndGlobalSection
	GlobalSection(SolutionProperties) = preSolution
		HideSolutionNode = FALSE
	EndGlobalSection
	GlobalSection(ExtensibilityGlobals) = postSolution
		SolutionGuid = {C2612532-F5E0-4BA5-85B1-D235AAAD2C05}
	EndGlobalSection
EndGlobal
